// !$*UTF8*$!
{
	archiveVersion = 1;
	classes = {
	};
	objectVersion = 52;
	objects = {

/* Begin PBXBuildFile section */
		180D6B7F26725D2A00F8FA89 /* BookScrollView.swift in Sources */ = {isa = PBXBuildFile; fileRef = 180D6B7E26725D2A00F8FA89 /* BookScrollView.swift */; };
		180D6B83267260CA00F8FA89 /* SmallProgress.swift in Sources */ = {isa = PBXBuildFile; fileRef = 180D6B82267260CA00F8FA89 /* SmallProgress.swift */; };
		180D6B862672612000F8FA89 /* PercentageRing.swift in Sources */ = {isa = PBXBuildFile; fileRef = 180D6B852672612000F8FA89 /* PercentageRing.swift */; };
		180D6B892672619600F8FA89 /* Extensions.swift in Sources */ = {isa = PBXBuildFile; fileRef = 180D6B882672619600F8FA89 /* Extensions.swift */; };
		180D6B8C26726AE800F8FA89 /* HomeNotesView.swift in Sources */ = {isa = PBXBuildFile; fileRef = 180D6B8B26726AE800F8FA89 /* HomeNotesView.swift */; };
		180D6B8F26726B9500F8FA89 /* NoteCardView.swift in Sources */ = {isa = PBXBuildFile; fileRef = 180D6B8E26726B9500F8FA89 /* NoteCardView.swift */; };
		180D6B9326729B4E00F8FA89 /* WaterfallGrid in Frameworks */ = {isa = PBXBuildFile; productRef = 180D6B9226729B4E00F8FA89 /* WaterfallGrid */; };
		180D6B962672A17A00F8FA89 /* KocerWaterfall.swift in Sources */ = {isa = PBXBuildFile; fileRef = 180D6B952672A17A00F8FA89 /* KocerWaterfall.swift */; };
		180D6B9A2672AB3300F8FA89 /* BookModel.swift in Sources */ = {isa = PBXBuildFile; fileRef = 180D6B992672AB3300F8FA89 /* BookModel.swift */; };
		180D6B9E2672AB3F00F8FA89 /* NoteModel.swift in Sources */ = {isa = PBXBuildFile; fileRef = 180D6B9D2672AB3F00F8FA89 /* NoteModel.swift */; };
		180D6BA12673EB8200F8FA89 /* BookDetailView.swift in Sources */ = {isa = PBXBuildFile; fileRef = 180D6BA02673EB8200F8FA89 /* BookDetailView.swift */; };
		180D6BA52673EE1100F8FA89 /* SwiftUIX in Frameworks */ = {isa = PBXBuildFile; productRef = 180D6BA42673EE1100F8FA89 /* SwiftUIX */; };
		1866FE2626722663007DC589 /* AppDelegate.swift in Sources */ = {isa = PBXBuildFile; fileRef = 1866FE2526722663007DC589 /* AppDelegate.swift */; };
		1866FE2826722663007DC589 /* SceneDelegate.swift in Sources */ = {isa = PBXBuildFile; fileRef = 1866FE2726722663007DC589 /* SceneDelegate.swift */; };
		1866FE2A26722663007DC589 /* MainTabView.swift in Sources */ = {isa = PBXBuildFile; fileRef = 1866FE2926722663007DC589 /* MainTabView.swift */; };
		1866FE2C26722665007DC589 /* Assets.xcassets in Resources */ = {isa = PBXBuildFile; fileRef = 1866FE2B26722665007DC589 /* Assets.xcassets */; };
		1866FE2F26722665007DC589 /* Preview Assets.xcassets in Resources */ = {isa = PBXBuildFile; fileRef = 1866FE2E26722665007DC589 /* Preview Assets.xcassets */; };
		1866FE3226722665007DC589 /* LaunchScreen.storyboard in Resources */ = {isa = PBXBuildFile; fileRef = 1866FE3026722665007DC589 /* LaunchScreen.storyboard */; };
		1866FE3C26722A37007DC589 /* Neumorphic in Frameworks */ = {isa = PBXBuildFile; productRef = 1866FE3B26722A37007DC589 /* Neumorphic */; };
		1866FE3F26723113007DC589 /* ViewRouter.swift in Sources */ = {isa = PBXBuildFile; fileRef = 1866FE3E26723113007DC589 /* ViewRouter.swift */; };
		1866FE43267250F8007DC589 /* HomeView.swift in Sources */ = {isa = PBXBuildFile; fileRef = 1866FE42267250F8007DC589 /* HomeView.swift */; };
		186EDE032673FB42001A0184 /* NoteDetailView.swift in Sources */ = {isa = PBXBuildFile; fileRef = 186EDE022673FB42001A0184 /* NoteDetailView.swift */; };
		18C910132696497200716146 /* SwiftUIExtensions.swift in Sources */ = {isa = PBXBuildFile; fileRef = 18C910122696497200716146 /* SwiftUIExtensions.swift */; };
		18C910172696694E00716146 /* KeyboardObserving in Frameworks */ = {isa = PBXBuildFile; productRef = 18C910162696694E00716146 /* KeyboardObserving */; };
/* End PBXBuildFile section */

/* Begin PBXFileReference section */
		180D6B7E26725D2A00F8FA89 /* BookScrollView.swift */ = {isa = PBXFileReference; lastKnownFileType = sourcecode.swift; path = BookScrollView.swift; sourceTree = "<group>"; };
		180D6B82267260CA00F8FA89 /* SmallProgress.swift */ = {isa = PBXFileReference; lastKnownFileType = sourcecode.swift; path = SmallProgress.swift; sourceTree = "<group>"; };
		180D6B852672612000F8FA89 /* PercentageRing.swift */ = {isa = PBXFileReference; lastKnownFileType = sourcecode.swift; path = PercentageRing.swift; sourceTree = "<group>"; };
		180D6B882672619600F8FA89 /* Extensions.swift */ = {isa = PBXFileReference; lastKnownFileType = sourcecode.swift; path = Extensions.swift; sourceTree = "<group>"; };
		180D6B8B26726AE800F8FA89 /* HomeNotesView.swift */ = {isa = PBXFileReference; lastKnownFileType = sourcecode.swift; path = HomeNotesView.swift; sourceTree = "<group>"; };
		180D6B8E26726B9500F8FA89 /* NoteCardView.swift */ = {isa = PBXFileReference; lastKnownFileType = sourcecode.swift; path = NoteCardView.swift; sourceTree = "<group>"; };
		180D6B952672A17A00F8FA89 /* KocerWaterfall.swift */ = {isa = PBXFileReference; lastKnownFileType = sourcecode.swift; path = KocerWaterfall.swift; sourceTree = "<group>"; };
		180D6B992672AB3300F8FA89 /* BookModel.swift */ = {isa = PBXFileReference; lastKnownFileType = sourcecode.swift; path = BookModel.swift; sourceTree = "<group>"; };
		180D6B9D2672AB3F00F8FA89 /* NoteModel.swift */ = {isa = PBXFileReference; lastKnownFileType = sourcecode.swift; path = NoteModel.swift; sourceTree = "<group>"; };
		180D6BA02673EB8200F8FA89 /* BookDetailView.swift */ = {isa = PBXFileReference; lastKnownFileType = sourcecode.swift; path = BookDetailView.swift; sourceTree = "<group>"; };
		1866FE2226722663007DC589 /* Book Memos Global.app */ = {isa = PBXFileReference; explicitFileType = wrapper.application; includeInIndex = 0; path = "Book Memos Global.app"; sourceTree = BUILT_PRODUCTS_DIR; };
		1866FE2526722663007DC589 /* AppDelegate.swift */ = {isa = PBXFileReference; lastKnownFileType = sourcecode.swift; path = AppDelegate.swift; sourceTree = "<group>"; };
		1866FE2726722663007DC589 /* SceneDelegate.swift */ = {isa = PBXFileReference; lastKnownFileType = sourcecode.swift; path = SceneDelegate.swift; sourceTree = "<group>"; };
		1866FE2926722663007DC589 /* MainTabView.swift */ = {isa = PBXFileReference; lastKnownFileType = sourcecode.swift; path = MainTabView.swift; sourceTree = "<group>"; };
		1866FE2B26722665007DC589 /* Assets.xcassets */ = {isa = PBXFileReference; lastKnownFileType = folder.assetcatalog; path = Assets.xcassets; sourceTree = "<group>"; };
		1866FE2E26722665007DC589 /* Preview Assets.xcassets */ = {isa = PBXFileReference; lastKnownFileType = folder.assetcatalog; path = "Preview Assets.xcassets"; sourceTree = "<group>"; };
		1866FE3126722665007DC589 /* Base */ = {isa = PBXFileReference; lastKnownFileType = file.storyboard; name = Base; path = Base.lproj/LaunchScreen.storyboard; sourceTree = "<group>"; };
		1866FE3326722665007DC589 /* Info.plist */ = {isa = PBXFileReference; lastKnownFileType = text.plist.xml; path = Info.plist; sourceTree = "<group>"; };
		1866FE3E26723113007DC589 /* ViewRouter.swift */ = {isa = PBXFileReference; lastKnownFileType = sourcecode.swift; path = ViewRouter.swift; sourceTree = "<group>"; };
		1866FE42267250F8007DC589 /* HomeView.swift */ = {isa = PBXFileReference; lastKnownFileType = sourcecode.swift; path = HomeView.swift; sourceTree = "<group>"; };
		186EDE022673FB42001A0184 /* NoteDetailView.swift */ = {isa = PBXFileReference; lastKnownFileType = sourcecode.swift; path = NoteDetailView.swift; sourceTree = "<group>"; };
		18C910122696497200716146 /* SwiftUIExtensions.swift */ = {isa = PBXFileReference; lastKnownFileType = sourcecode.swift; path = SwiftUIExtensions.swift; sourceTree = "<group>"; };
/* End PBXFileReference section */

/* Begin PBXFrameworksBuildPhase section */
		1866FE1F26722662007DC589 /* Frameworks */ = {
			isa = PBXFrameworksBuildPhase;
			buildActionMask = 2147483647;
			files = (
				180D6BA52673EE1100F8FA89 /* SwiftUIX in Frameworks */,
				18C910172696694E00716146 /* KeyboardObserving in Frameworks */,
				1866FE3C26722A37007DC589 /* Neumorphic in Frameworks */,
				180D6B9326729B4E00F8FA89 /* WaterfallGrid in Frameworks */,
			);
			runOnlyForDeploymentPostprocessing = 0;
		};
/* End PBXFrameworksBuildPhase section */

/* Begin PBXGroup section */
		180D6B7A26725C1D00F8FA89 /* Views */ = {
			isa = PBXGroup;
			children = (
				180D6B8B26726AE800F8FA89 /* HomeNotesView.swift */,
				180D6B7E26725D2A00F8FA89 /* BookScrollView.swift */,
				1866FE42267250F8007DC589 /* HomeView.swift */,
				1866FE2926722663007DC589 /* MainTabView.swift */,
				180D6BA02673EB8200F8FA89 /* BookDetailView.swift */,
				186EDE022673FB42001A0184 /* NoteDetailView.swift */,
			);
			path = Views;
			sourceTree = "<group>";
		};
		180D6B7B26725C2E00F8FA89 /* ViewModels */ = {
			isa = PBXGroup;
			children = (
			);
			path = ViewModels;
			sourceTree = "<group>";
		};
		180D6B7C26725C3700F8FA89 /* Models */ = {
			isa = PBXGroup;
			children = (
				180D6B992672AB3300F8FA89 /* BookModel.swift */,
				180D6B9D2672AB3F00F8FA89 /* NoteModel.swift */,
			);
			path = Models;
			sourceTree = "<group>";
		};
		180D6B7D26725C4700F8FA89 /* SubViews */ = {
			isa = PBXGroup;
			children = (
				180D6B952672A17A00F8FA89 /* KocerWaterfall.swift */,
				180D6B82267260CA00F8FA89 /* SmallProgress.swift */,
				180D6B852672612000F8FA89 /* PercentageRing.swift */,
				180D6B8E26726B9500F8FA89 /* NoteCardView.swift */,
			);
			path = SubViews;
			sourceTree = "<group>";
		};
		1866FE1926722662007DC589 = {
			isa = PBXGroup;
			children = (
				1866FE2426722663007DC589 /* Book Memos Global */,
				1866FE2326722663007DC589 /* Products */,
			);
			sourceTree = "<group>";
		};
		1866FE2326722663007DC589 /* Products */ = {
			isa = PBXGroup;
			children = (
				1866FE2226722663007DC589 /* Book Memos Global.app */,
			);
			name = Products;
			sourceTree = "<group>";
		};
		1866FE2426722663007DC589 /* Book Memos Global */ = {
			isa = PBXGroup;
			children = (
				18C910112696496300716146 /* Extensions */,
				180D6B7D26725C4700F8FA89 /* SubViews */,
				180D6B7C26725C3700F8FA89 /* Models */,
				180D6B7B26725C2E00F8FA89 /* ViewModels */,
				180D6B7A26725C1D00F8FA89 /* Views */,
				1866FE2526722663007DC589 /* AppDelegate.swift */,
				1866FE2726722663007DC589 /* SceneDelegate.swift */,
				1866FE2B26722665007DC589 /* Assets.xcassets */,
				1866FE3026722665007DC589 /* LaunchScreen.storyboard */,
				1866FE3326722665007DC589 /* Info.plist */,
				1866FE2D26722665007DC589 /* Preview Content */,
				1866FE3E26723113007DC589 /* ViewRouter.swift */,
				180D6B882672619600F8FA89 /* Extensions.swift */,
			);
			path = "Book Memos Global";
			sourceTree = "<group>";
		};
		1866FE2D26722665007DC589 /* Preview Content */ = {
			isa = PBXGroup;
			children = (
				1866FE2E26722665007DC589 /* Preview Assets.xcassets */,
			);
			path = "Preview Content";
			sourceTree = "<group>";
		};
		18C910112696496300716146 /* Extensions */ = {
			isa = PBXGroup;
			children = (
				18C910122696497200716146 /* SwiftUIExtensions.swift */,
			);
			path = Extensions;
			sourceTree = "<group>";
		};
/* End PBXGroup section */

/* Begin PBXNativeTarget section */
		1866FE2126722662007DC589 /* Book Memos Global */ = {
			isa = PBXNativeTarget;
			buildConfigurationList = 1866FE3626722665007DC589 /* Build configuration list for PBXNativeTarget "Book Memos Global" */;
			buildPhases = (
				1866FE1E26722662007DC589 /* Sources */,
				1866FE1F26722662007DC589 /* Frameworks */,
				1866FE2026722662007DC589 /* Resources */,
			);
			buildRules = (
			);
			dependencies = (
			);
			name = "Book Memos Global";
			packageProductDependencies = (
				1866FE3B26722A37007DC589 /* Neumorphic */,
				180D6B9226729B4E00F8FA89 /* WaterfallGrid */,
				180D6BA42673EE1100F8FA89 /* SwiftUIX */,
				18C910162696694E00716146 /* KeyboardObserving */,
			);
			productName = "Book Memos Global";
			productReference = 1866FE2226722663007DC589 /* Book Memos Global.app */;
			productType = "com.apple.product-type.application";
		};
/* End PBXNativeTarget section */

/* Begin PBXProject section */
		1866FE1A26722662007DC589 /* Project object */ = {
			isa = PBXProject;
			attributes = {
				LastSwiftUpdateCheck = 1230;
				LastUpgradeCheck = 1230;
				TargetAttributes = {
					1866FE2126722662007DC589 = {
						CreatedOnToolsVersion = 12.3;
					};
				};
			};
			buildConfigurationList = 1866FE1D26722662007DC589 /* Build configuration list for PBXProject "Book Memos Global" */;
			compatibilityVersion = "Xcode 9.3";
			developmentRegion = en;
			hasScannedForEncodings = 0;
			knownRegions = (
				en,
				Base,
			);
			mainGroup = 1866FE1926722662007DC589;
			packageReferences = (
				1866FE3A26722A37007DC589 /* XCRemoteSwiftPackageReference "neumorphic" */,
				180D6B9126729B4E00F8FA89 /* XCRemoteSwiftPackageReference "WaterfallGrid" */,
				180D6BA32673EE1100F8FA89 /* XCRemoteSwiftPackageReference "SwiftUIX" */,
				18C910152696694E00716146 /* XCRemoteSwiftPackageReference "KeyboardObserving" */,
			);
			productRefGroup = 1866FE2326722663007DC589 /* Products */;
			projectDirPath = "";
			projectRoot = "";
			targets = (
				1866FE2126722662007DC589 /* Book Memos Global */,
			);
		};
/* End PBXProject section */

/* Begin PBXResourcesBuildPhase section */
		1866FE2026722662007DC589 /* Resources */ = {
			isa = PBXResourcesBuildPhase;
			buildActionMask = 2147483647;
			files = (
				1866FE3226722665007DC589 /* LaunchScreen.storyboard in Resources */,
				1866FE2F26722665007DC589 /* Preview Assets.xcassets in Resources */,
				1866FE2C26722665007DC589 /* Assets.xcassets in Resources */,
			);
			runOnlyForDeploymentPostprocessing = 0;
		};
/* End PBXResourcesBuildPhase section */

/* Begin PBXSourcesBuildPhase section */
		1866FE1E26722662007DC589 /* Sources */ = {
			isa = PBXSourcesBuildPhase;
			buildActionMask = 2147483647;
			files = (
				1866FE2626722663007DC589 /* AppDelegate.swift in Sources */,
				180D6B892672619600F8FA89 /* Extensions.swift in Sources */,
				180D6B83267260CA00F8FA89 /* SmallProgress.swift in Sources */,
				186EDE032673FB42001A0184 /* NoteDetailView.swift in Sources */,
				180D6B9E2672AB3F00F8FA89 /* NoteModel.swift in Sources */,
				1866FE2826722663007DC589 /* SceneDelegate.swift in Sources */,
				180D6B7F26725D2A00F8FA89 /* BookScrollView.swift in Sources */,
				180D6B962672A17A00F8FA89 /* KocerWaterfall.swift in Sources */,
				180D6BA12673EB8200F8FA89 /* BookDetailView.swift in Sources */,
				180D6B9A2672AB3300F8FA89 /* BookModel.swift in Sources */,
				1866FE2A26722663007DC589 /* MainTabView.swift in Sources */,
				180D6B862672612000F8FA89 /* PercentageRing.swift in Sources */,
				1866FE43267250F8007DC589 /* HomeView.swift in Sources */,
				180D6B8F26726B9500F8FA89 /* NoteCardView.swift in Sources */,
				1866FE3F26723113007DC589 /* ViewRouter.swift in Sources */,
				18C910132696497200716146 /* SwiftUIExtensions.swift in Sources */,
				180D6B8C26726AE800F8FA89 /* HomeNotesView.swift in Sources */,
			);
			runOnlyForDeploymentPostprocessing = 0;
		};
/* End PBXSourcesBuildPhase section */

/* Begin PBXVariantGroup section */
		1866FE3026722665007DC589 /* LaunchScreen.storyboard */ = {
			isa = PBXVariantGroup;
			children = (
				1866FE3126722665007DC589 /* Base */,
			);
			name = LaunchScreen.storyboard;
			sourceTree = "<group>";
		};
/* End PBXVariantGroup section */

/* Begin XCBuildConfiguration section */
		1866FE3426722665007DC589 /* Debug */ = {
			isa = XCBuildConfiguration;
			buildSettings = {
				ALWAYS_SEARCH_USER_PATHS = NO;
				CLANG_ANALYZER_NONNULL = YES;
				CLANG_ANALYZER_NUMBER_OBJECT_CONVERSION = YES_AGGRESSIVE;
				CLANG_CXX_LANGUAGE_STANDARD = "gnu++14";
				CLANG_CXX_LIBRARY = "libc++";
				CLANG_ENABLE_MODULES = YES;
				CLANG_ENABLE_OBJC_ARC = YES;
				CLANG_ENABLE_OBJC_WEAK = YES;
				CLANG_WARN_BLOCK_CAPTURE_AUTORELEASING = YES;
				CLANG_WARN_BOOL_CONVERSION = YES;
				CLANG_WARN_COMMA = YES;
				CLANG_WARN_CONSTANT_CONVERSION = YES;
				CLANG_WARN_DEPRECATED_OBJC_IMPLEMENTATIONS = YES;
				CLANG_WARN_DIRECT_OBJC_ISA_USAGE = YES_ERROR;
				CLANG_WARN_DOCUMENTATION_COMMENTS = YES;
				CLANG_WARN_EMPTY_BODY = YES;
				CLANG_WARN_ENUM_CONVERSION = YES;
				CLANG_WARN_INFINITE_RECURSION = YES;
				CLANG_WARN_INT_CONVERSION = YES;
				CLANG_WARN_NON_LITERAL_NULL_CONVERSION = YES;
				CLANG_WARN_OBJC_IMPLICIT_RETAIN_SELF = YES;
				CLANG_WARN_OBJC_LITERAL_CONVERSION = YES;
				CLANG_WARN_OBJC_ROOT_CLASS = YES_ERROR;
				CLANG_WARN_QUOTED_INCLUDE_IN_FRAMEWORK_HEADER = YES;
				CLANG_WARN_RANGE_LOOP_ANALYSIS = YES;
				CLANG_WARN_STRICT_PROTOTYPES = YES;
				CLANG_WARN_SUSPICIOUS_MOVE = YES;
				CLANG_WARN_UNGUARDED_AVAILABILITY = YES_AGGRESSIVE;
				CLANG_WARN_UNREACHABLE_CODE = YES;
				CLANG_WARN__DUPLICATE_METHOD_MATCH = YES;
				COPY_PHASE_STRIP = NO;
				DEBUG_INFORMATION_FORMAT = dwarf;
				ENABLE_STRICT_OBJC_MSGSEND = YES;
				ENABLE_TESTABILITY = YES;
				GCC_C_LANGUAGE_STANDARD = gnu11;
				GCC_DYNAMIC_NO_PIC = NO;
				GCC_NO_COMMON_BLOCKS = YES;
				GCC_OPTIMIZATION_LEVEL = 0;
				GCC_PREPROCESSOR_DEFINITIONS = (
					"DEBUG=1",
					"$(inherited)",
				);
				GCC_WARN_64_TO_32_BIT_CONVERSION = YES;
				GCC_WARN_ABOUT_RETURN_TYPE = YES_ERROR;
				GCC_WARN_UNDECLARED_SELECTOR = YES;
				GCC_WARN_UNINITIALIZED_AUTOS = YES_AGGRESSIVE;
				GCC_WARN_UNUSED_FUNCTION = YES;
				GCC_WARN_UNUSED_VARIABLE = YES;
				IPHONEOS_DEPLOYMENT_TARGET = 14.3;
				MTL_ENABLE_DEBUG_INFO = INCLUDE_SOURCE;
				MTL_FAST_MATH = YES;
				ONLY_ACTIVE_ARCH = YES;
				SDKROOT = iphoneos;
				SWIFT_ACTIVE_COMPILATION_CONDITIONS = DEBUG;
				SWIFT_OPTIMIZATION_LEVEL = "-Onone";
			};
			name = Debug;
		};
		1866FE3526722665007DC589 /* Release */ = {
			isa = XCBuildConfiguration;
			buildSettings = {
				ALWAYS_SEARCH_USER_PATHS = NO;
				CLANG_ANALYZER_NONNULL = YES;
				CLANG_ANALYZER_NUMBER_OBJECT_CONVERSION = YES_AGGRESSIVE;
				CLANG_CXX_LANGUAGE_STANDARD = "gnu++14";
				CLANG_CXX_LIBRARY = "libc++";
				CLANG_ENABLE_MODULES = YES;
				CLANG_ENABLE_OBJC_ARC = YES;
				CLANG_ENABLE_OBJC_WEAK = YES;
				CLANG_WARN_BLOCK_CAPTURE_AUTORELEASING = YES;
				CLANG_WARN_BOOL_CONVERSION = YES;
				CLANG_WARN_COMMA = YES;
				CLANG_WARN_CONSTANT_CONVERSION = YES;
				CLANG_WARN_DEPRECATED_OBJC_IMPLEMENTATIONS = YES;
				CLANG_WARN_DIRECT_OBJC_ISA_USAGE = YES_ERROR;
				CLANG_WARN_DOCUMENTATION_COMMENTS = YES;
				CLANG_WARN_EMPTY_BODY = YES;
				CLANG_WARN_ENUM_CONVERSION = YES;
				CLANG_WARN_INFINITE_RECURSION = YES;
				CLANG_WARN_INT_CONVERSION = YES;
				CLANG_WARN_NON_LITERAL_NULL_CONVERSION = YES;
				CLANG_WARN_OBJC_IMPLICIT_RETAIN_SELF = YES;
				CLANG_WARN_OBJC_LITERAL_CONVERSION = YES;
				CLANG_WARN_OBJC_ROOT_CLASS = YES_ERROR;
				CLANG_WARN_QUOTED_INCLUDE_IN_FRAMEWORK_HEADER = YES;
				CLANG_WARN_RANGE_LOOP_ANALYSIS = YES;
				CLANG_WARN_STRICT_PROTOTYPES = YES;
				CLANG_WARN_SUSPICIOUS_MOVE = YES;
				CLANG_WARN_UNGUARDED_AVAILABILITY = YES_AGGRESSIVE;
				CLANG_WARN_UNREACHABLE_CODE = YES;
				CLANG_WARN__DUPLICATE_METHOD_MATCH = YES;
				COPY_PHASE_STRIP = NO;
				DEBUG_INFORMATION_FORMAT = "dwarf-with-dsym";
				ENABLE_NS_ASSERTIONS = NO;
				ENABLE_STRICT_OBJC_MSGSEND = YES;
				GCC_C_LANGUAGE_STANDARD = gnu11;
				GCC_NO_COMMON_BLOCKS = YES;
				GCC_WARN_64_TO_32_BIT_CONVERSION = YES;
				GCC_WARN_ABOUT_RETURN_TYPE = YES_ERROR;
				GCC_WARN_UNDECLARED_SELECTOR = YES;
				GCC_WARN_UNINITIALIZED_AUTOS = YES_AGGRESSIVE;
				GCC_WARN_UNUSED_FUNCTION = YES;
				GCC_WARN_UNUSED_VARIABLE = YES;
				IPHONEOS_DEPLOYMENT_TARGET = 14.3;
				MTL_ENABLE_DEBUG_INFO = NO;
				MTL_FAST_MATH = YES;
				SDKROOT = iphoneos;
				SWIFT_COMPILATION_MODE = wholemodule;
				SWIFT_OPTIMIZATION_LEVEL = "-O";
				VALIDATE_PRODUCT = YES;
			};
			name = Release;
		};
		1866FE3726722665007DC589 /* Debug */ = {
			isa = XCBuildConfiguration;
			buildSettings = {
				ASSETCATALOG_COMPILER_APPICON_NAME = AppIcon;
				ASSETCATALOG_COMPILER_GLOBAL_ACCENT_COLOR_NAME = AccentColor;
				CODE_SIGN_STYLE = Automatic;
				DEVELOPMENT_ASSET_PATHS = "\"Book Memos Global/Preview Content\"";
				DEVELOPMENT_TEAM = 78VBQ4P996;
				ENABLE_PREVIEWS = YES;
				INFOPLIST_FILE = "Book Memos Global/Info.plist";
				LD_RUNPATH_SEARCH_PATHS = (
					"$(inherited)",
					"@executable_path/Frameworks",
				);
				PRODUCT_BUNDLE_IDENTIFIER = "com.kocered.Book-Memos-Global";
				PRODUCT_NAME = "$(TARGET_NAME)";
				SWIFT_VERSION = 5.0;
				TARGETED_DEVICE_FAMILY = "1,2";
			};
			name = Debug;
		};
		1866FE3826722665007DC589 /* Release */ = {
			isa = XCBuildConfiguration;
			buildSettings = {
				ASSETCATALOG_COMPILER_APPICON_NAME = AppIcon;
				ASSETCATALOG_COMPILER_GLOBAL_ACCENT_COLOR_NAME = AccentColor;
				CODE_SIGN_STYLE = Automatic;
				DEVELOPMENT_ASSET_PATHS = "\"Book Memos Global/Preview Content\"";
				DEVELOPMENT_TEAM = 78VBQ4P996;
				ENABLE_PREVIEWS = YES;
				INFOPLIST_FILE = "Book Memos Global/Info.plist";
				LD_RUNPATH_SEARCH_PATHS = (
					"$(inherited)",
					"@executable_path/Frameworks",
				);
				PRODUCT_BUNDLE_IDENTIFIER = "com.kocered.Book-Memos-Global";
				PRODUCT_NAME = "$(TARGET_NAME)";
				SWIFT_VERSION = 5.0;
				TARGETED_DEVICE_FAMILY = "1,2";
			};
			name = Release;
		};
/* End XCBuildConfiguration section */

/* Begin XCConfigurationList section */
		1866FE1D26722662007DC589 /* Build configuration list for PBXProject "Book Memos Global" */ = {
			isa = XCConfigurationList;
			buildConfigurations = (
				1866FE3426722665007DC589 /* Debug */,
				1866FE3526722665007DC589 /* Release */,
			);
			defaultConfigurationIsVisible = 0;
			defaultConfigurationName = Release;
		};
		1866FE3626722665007DC589 /* Build configuration list for PBXNativeTarget "Book Memos Global" */ = {
			isa = XCConfigurationList;
			buildConfigurations = (
				1866FE3726722665007DC589 /* Debug */,
				1866FE3826722665007DC589 /* Release */,
			);
			defaultConfigurationIsVisible = 0;
			defaultConfigurationName = Release;
		};
/* End XCConfigurationList section */

/* Begin XCRemoteSwiftPackageReference section */
		180D6B9126729B4E00F8FA89 /* XCRemoteSwiftPackageReference "WaterfallGrid" */ = {
			isa = XCRemoteSwiftPackageReference;
			repositoryURL = "https://github.com/paololeonardi/WaterfallGrid";
			requirement = {
				kind = upToNextMajorVersion;
				minimumVersion = 1.0.1;
			};
		};
		180D6BA32673EE1100F8FA89 /* XCRemoteSwiftPackageReference "SwiftUIX" */ = {
			isa = XCRemoteSwiftPackageReference;
			repositoryURL = "https://github.com/SwiftUIX/SwiftUIX";
			requirement = {
				kind = upToNextMajorVersion;
				minimumVersion = 0.0.6;
			};
		};
		1866FE3A26722A37007DC589 /* XCRemoteSwiftPackageReference "neumorphic" */ = {
			isa = XCRemoteSwiftPackageReference;
			repositoryURL = "https://github.com/costachung/neumorphic/";
			requirement = {
				kind = upToNextMajorVersion;
				minimumVersion = 2.0.5;
			};
		};
		18C910152696694E00716146 /* XCRemoteSwiftPackageReference "KeyboardObserving" */ = {
			isa = XCRemoteSwiftPackageReference;
			repositoryURL = "https://github.com/nickffox/KeyboardObserving.git";
			requirement = {
				kind = upToNextMajorVersion;
				minimumVersion = 0.3.0;
			};
		};
/* End XCRemoteSwiftPackageReference section */

/* Begin XCSwiftPackageProductDependency section */
		180D6B9226729B4E00F8FA89 /* WaterfallGrid */ = {
			isa = XCSwiftPackageProductDependency;
			package = 180D6B9126729B4E00F8FA89 /* XCRemoteSwiftPackageReference "WaterfallGrid" */;
			productName = WaterfallGrid;
		};
		180D6BA42673EE1100F8FA89 /* SwiftUIX */ = {
			isa = XCSwiftPackageProductDependency;
			package = 180D6BA32673EE1100F8FA89 /* XCRemoteSwiftPackageReference "SwiftUIX" */;
			productName = SwiftUIX;
		};
		1866FE3B26722A37007DC589 /* Neumorphic */ = {
			isa = XCSwiftPackageProductDependency;
			package = 1866FE3A26722A37007DC589 /* XCRemoteSwiftPackageReference "neumorphic" */;
			productName = Neumorphic;
		};
		18C910162696694E00716146 /* KeyboardObserving */ = {
			isa = XCSwiftPackageProductDependency;
			package = 18C910152696694E00716146 /* XCRemoteSwiftPackageReference "KeyboardObserving" */;
			productName = KeyboardObserving;
		};
/* End XCSwiftPackageProductDependency section */
	};
	rootObject = 1866FE1A26722662007DC589 /* Project object */;
}
